// !$*UTF8*$!
{
	archiveVersion = 1;
	classes = {
	};
	objectVersion = 46;
	objects = {

/* Begin PBXBuildFile section */
		9ABF85071E706EE800719645 /* AppDelegate.swift in Sources */ = {isa = PBXBuildFile; fileRef = 9ABF85061E706EE800719645 /* AppDelegate.swift */; };
		9ABF85091E706EE800719645 /* ViewController.swift in Sources */ = {isa = PBXBuildFile; fileRef = 9ABF85081E706EE800719645 /* ViewController.swift */; };
		9ABF850C1E706EE800719645 /* Main.storyboard in Resources */ = {isa = PBXBuildFile; fileRef = 9ABF850A1E706EE800719645 /* Main.storyboard */; };
		9ABF850E1E706EE800719645 /* Assets.xcassets in Resources */ = {isa = PBXBuildFile; fileRef = 9ABF850D1E706EE800719645 /* Assets.xcassets */; };
		9ABF85111E706EE800719645 /* LaunchScreen.storyboard in Resources */ = {isa = PBXBuildFile; fileRef = 9ABF850F1E706EE800719645 /* LaunchScreen.storyboard */; };
		9ABF851C1E706EE800719645 /* GitPracticeTests.swift in Sources */ = {isa = PBXBuildFile; fileRef = 9ABF851B1E706EE800719645 /* GitPracticeTests.swift */; };
		9ABF85271E706EE800719645 /* GitPracticeUITests.swift in Sources */ = {isa = PBXBuildFile; fileRef = 9ABF85261E706EE800719645 /* GitPracticeUITests.swift */; };
		C1ECEE991E70792100479A07 /* File.swift in Sources */ = {isa = PBXBuildFile; fileRef = C1ECEE981E70792100479A07 /* File.swift */; };
/* End PBXBuildFile section */

/* Begin PBXContainerItemProxy section */
		9ABF85181E706EE800719645 /* PBXContainerItemProxy */ = {
			isa = PBXContainerItemProxy;
			containerPortal = 9ABF84FB1E706EE800719645 /* Project object */;
			proxyType = 1;
			remoteGlobalIDString = 9ABF85021E706EE800719645;
			remoteInfo = GitPractice;
		};
		9ABF85231E706EE800719645 /* PBXContainerItemProxy */ = {
			isa = PBXContainerItemProxy;
			containerPortal = 9ABF84FB1E706EE800719645 /* Project object */;
			proxyType = 1;
			remoteGlobalIDString = 9ABF85021E706EE800719645;
			remoteInfo = GitPractice;
		};
/* End PBXContainerItemProxy section */

/* Begin PBXFileReference section */
		9ABF85031E706EE800719645 /* GitPractice.app */ = {isa = PBXFileReference; explicitFileType = wrapper.application; includeInIndex = 0; path = GitPractice.app; sourceTree = BUILT_PRODUCTS_DIR; };
		9ABF85061E706EE800719645 /* AppDelegate.swift */ = {isa = PBXFileReference; lastKnownFileType = sourcecode.swift; path = AppDelegate.swift; sourceTree = "<group>"; };
		9ABF85081E706EE800719645 /* ViewController.swift */ = {isa = PBXFileReference; lastKnownFileType = sourcecode.swift; path = ViewController.swift; sourceTree = "<group>"; };
		9ABF850B1E706EE800719645 /* Base */ = {isa = PBXFileReference; lastKnownFileType = file.storyboard; name = Base; path = Base.lproj/Main.storyboard; sourceTree = "<group>"; };
		9ABF850D1E706EE800719645 /* Assets.xcassets */ = {isa = PBXFileReference; lastKnownFileType = folder.assetcatalog; path = Assets.xcassets; sourceTree = "<group>"; };
		9ABF85101E706EE800719645 /* Base */ = {isa = PBXFileReference; lastKnownFileType = file.storyboard; name = Base; path = Base.lproj/LaunchScreen.storyboard; sourceTree = "<group>"; };
		9ABF85121E706EE800719645 /* Info.plist */ = {isa = PBXFileReference; lastKnownFileType = text.plist.xml; path = Info.plist; sourceTree = "<group>"; };
		9ABF85171E706EE800719645 /* GitPracticeTests.xctest */ = {isa = PBXFileReference; explicitFileType = wrapper.cfbundle; includeInIndex = 0; path = GitPracticeTests.xctest; sourceTree = BUILT_PRODUCTS_DIR; };
		9ABF851B1E706EE800719645 /* GitPracticeTests.swift */ = {isa = PBXFileReference; lastKnownFileType = sourcecode.swift; path = GitPracticeTests.swift; sourceTree = "<group>"; };
		9ABF851D1E706EE800719645 /* Info.plist */ = {isa = PBXFileReference; lastKnownFileType = text.plist.xml; path = Info.plist; sourceTree = "<group>"; };
		9ABF85221E706EE800719645 /* GitPracticeUITests.xctest */ = {isa = PBXFileReference; explicitFileType = wrapper.cfbundle; includeInIndex = 0; path = GitPracticeUITests.xctest; sourceTree = BUILT_PRODUCTS_DIR; };
		9ABF85261E706EE800719645 /* GitPracticeUITests.swift */ = {isa = PBXFileReference; lastKnownFileType = sourcecode.swift; path = GitPracticeUITests.swift; sourceTree = "<group>"; };
		9ABF85281E706EE800719645 /* Info.plist */ = {isa = PBXFileReference; lastKnownFileType = text.plist.xml; path = Info.plist; sourceTree = "<group>"; };
		C1ECEE981E70792100479A07 /* File.swift */ = {isa = PBXFileReference; fileEncoding = 4; lastKnownFileType = sourcecode.swift; path = File.swift; sourceTree = "<group>"; };
/* End PBXFileReference section */

/* Begin PBXFrameworksBuildPhase section */
		9ABF85001E706EE800719645 /* Frameworks */ = {
			isa = PBXFrameworksBuildPhase;
			buildActionMask = 2147483647;
			files = (
			);
			runOnlyForDeploymentPostprocessing = 0;
		};
		9ABF85141E706EE800719645 /* Frameworks */ = {
			isa = PBXFrameworksBuildPhase;
			buildActionMask = 2147483647;
			files = (
			);
			runOnlyForDeploymentPostprocessing = 0;
		};
		9ABF851F1E706EE800719645 /* Frameworks */ = {
			isa = PBXFrameworksBuildPhase;
			buildActionMask = 2147483647;
			files = (
			);
			runOnlyForDeploymentPostprocessing = 0;
		};
/* End PBXFrameworksBuildPhase section */

/* Begin PBXGroup section */
		9ABF84FA1E706EE800719645 = {
			isa = PBXGroup;
			children = (
				C1ECEE981E70792100479A07 /* File.swift */,
				9ABF85051E706EE800719645 /* GitPractice */,
				9ABF851A1E706EE800719645 /* GitPracticeTests */,
				9ABF85251E706EE800719645 /* GitPracticeUITests */,
				9ABF85041E706EE800719645 /* Products */,
			);
			sourceTree = "<group>";
		};
		9ABF85041E706EE800719645 /* Products */ = {
			isa = PBXGroup;
			children = (
				9ABF85031E706EE800719645 /* GitPractice.app */,
				9ABF85171E706EE800719645 /* GitPracticeTests.xctest */,
				9ABF85221E706EE800719645 /* GitPracticeUITests.xctest */,
			);
			name = Products;
			sourceTree = "<group>";
		};
		9ABF85051E706EE800719645 /* GitPractice */ = {
			isa = PBXGroup;
			children = (
				9ABF85061E706EE800719645 /* AppDelegate.swift */,
				9ABF85081E706EE800719645 /* ViewController.swift */,
				9ABF850A1E706EE800719645 /* Main.storyboard */,
				9ABF850D1E706EE800719645 /* Assets.xcassets */,
				9ABF850F1E706EE800719645 /* LaunchScreen.storyboard */,
				9ABF85121E706EE800719645 /* Info.plist */,
			);
			path = GitPractice;
			sourceTree = "<group>";
		};
		9ABF851A1E706EE800719645 /* GitPracticeTests */ = {
			isa = PBXGroup;
			children = (
				9ABF851B1E706EE800719645 /* GitPracticeTests.swift */,
				9ABF851D1E706EE800719645 /* Info.plist */,
			);
			path = GitPracticeTests;
			sourceTree = "<group>";
		};
		9ABF85251E706EE800719645 /* GitPracticeUITests */ = {
			isa = PBXGroup;
			children = (
				9ABF85261E706EE800719645 /* GitPracticeUITests.swift */,
				9ABF85281E706EE800719645 /* Info.plist */,
			);
			path = GitPracticeUITests;
			sourceTree = "<group>";
		};
/* End PBXGroup section */

/* Begin PBXNativeTarget section */
		9ABF85021E706EE800719645 /* GitPractice */ = {
			isa = PBXNativeTarget;
			buildConfigurationList = 9ABF852B1E706EE800719645 /* Build configuration list for PBXNativeTarget "GitPractice" */;
			buildPhases = (
				9ABF84FF1E706EE800719645 /* Sources */,
				9ABF85001E706EE800719645 /* Frameworks */,
				9ABF85011E706EE800719645 /* Resources */,
			);
			buildRules = (
			);
			dependencies = (
			);
			name = GitPractice;
			productName = GitPractice;
			productReference = 9ABF85031E706EE800719645 /* GitPractice.app */;
			productType = "com.apple.product-type.application";
		};
		9ABF85161E706EE800719645 /* GitPracticeTests */ = {
			isa = PBXNativeTarget;
			buildConfigurationList = 9ABF852E1E706EE800719645 /* Build configuration list for PBXNativeTarget "GitPracticeTests" */;
			buildPhases = (
				9ABF85131E706EE800719645 /* Sources */,
				9ABF85141E706EE800719645 /* Frameworks */,
				9ABF85151E706EE800719645 /* Resources */,
			);
			buildRules = (
			);
			dependencies = (
				9ABF85191E706EE800719645 /* PBXTargetDependency */,
			);
			name = GitPracticeTests;
			productName = GitPracticeTests;
			productReference = 9ABF85171E706EE800719645 /* GitPracticeTests.xctest */;
			productType = "com.apple.product-type.bundle.unit-test";
		};
		9ABF85211E706EE800719645 /* GitPracticeUITests */ = {
			isa = PBXNativeTarget;
			buildConfigurationList = 9ABF85311E706EE800719645 /* Build configuration list for PBXNativeTarget "GitPracticeUITests" */;
			buildPhases = (
				9ABF851E1E706EE800719645 /* Sources */,
				9ABF851F1E706EE800719645 /* Frameworks */,
				9ABF85201E706EE800719645 /* Resources */,
			);
			buildRules = (
			);
			dependencies = (
				9ABF85241E706EE800719645 /* PBXTargetDependency */,
			);
			name = GitPracticeUITests;
			productName = GitPracticeUITests;
			productReference = 9ABF85221E706EE800719645 /* GitPracticeUITests.xctest */;
			productType = "com.apple.product-type.bundle.ui-testing";
		};
/* End PBXNativeTarget section */

/* Begin PBXProject section */
		9ABF84FB1E706EE800719645 /* Project object */ = {
			isa = PBXProject;
			attributes = {
				LastSwiftUpdateCheck = 0820;
				LastUpgradeCheck = 0820;
				ORGANIZATIONNAME = "Kai Comer";
				TargetAttributes = {
					9ABF85021E706EE800719645 = {
						CreatedOnToolsVersion = 8.2.1;
						DevelopmentTeam = 7AF2P6S86E;
						ProvisioningStyle = Automatic;
					};
					9ABF85161E706EE800719645 = {
						CreatedOnToolsVersion = 8.2.1;
						DevelopmentTeam = 7AF2P6S86E;
						ProvisioningStyle = Automatic;
						TestTargetID = 9ABF85021E706EE800719645;
					};
					9ABF85211E706EE800719645 = {
						CreatedOnToolsVersion = 8.2.1;
						DevelopmentTeam = 7AF2P6S86E;
						ProvisioningStyle = Automatic;
						TestTargetID = 9ABF85021E706EE800719645;
					};
				};
			};
			buildConfigurationList = 9ABF84FE1E706EE800719645 /* Build configuration list for PBXProject "GitPractice" */;
			compatibilityVersion = "Xcode 3.2";
			developmentRegion = English;
			hasScannedForEncodings = 0;
			knownRegions = (
				en,
				Base,
			);
			mainGroup = 9ABF84FA1E706EE800719645;
			productRefGroup = 9ABF85041E706EE800719645 /* Products */;
			projectDirPath = "";
			projectRoot = "";
			targets = (
				9ABF85021E706EE800719645 /* GitPractice */,
				9ABF85161E706EE800719645 /* GitPracticeTests */,
				9ABF85211E706EE800719645 /* GitPracticeUITests */,
			);
		};
/* End PBXProject section */

/* Begin PBXResourcesBuildPhase section */
		9ABF85011E706EE800719645 /* Resources */ = {
			isa = PBXResourcesBuildPhase;
			buildActionMask = 2147483647;
			files = (
				9ABF85111E706EE800719645 /* LaunchScreen.storyboard in Resources */,
				9ABF850E1E706EE800719645 /* Assets.xcassets in Resources */,
				9ABF850C1E706EE800719645 /* Main.storyboard in Resources */,
			);
			runOnlyForDeploymentPostprocessing = 0;
		};
		9ABF85151E706EE800719645 /* Resources */ = {
			isa = PBXResourcesBuildPhase;
			buildActionMask = 2147483647;
			files = (
			);
			runOnlyForDeploymentPostprocessing = 0;
		};
		9ABF85201E706EE800719645 /* Resources */ = {
			isa = PBXResourcesBuildPhase;
			buildActionMask = 2147483647;
			files = (
			);
			runOnlyForDeploymentPostprocessing = 0;
		};
/* End PBXResourcesBuildPhase section */

/* Begin PBXSourcesBuildPhase section */
		9ABF84FF1E706EE800719645 /* Sources */ = {
			isa = PBXSourcesBuildPhase;
			buildActionMask = 2147483647;
			files = (
				9ABF85091E706EE800719645 /* ViewController.swift in Sources */,
				C1ECEE991E70792100479A07 /* File.swift in Sources */,
				9ABF85071E706EE800719645 /* AppDelegate.swift in Sources */,
			);
			runOnlyForDeploymentPostprocessing = 0;
		};
		9ABF85131E706EE800719645 /* Sources */ = {
			isa = PBXSourcesBuildPhase;
			buildActionMask = 2147483647;
			files = (
				9ABF851C1E706EE800719645 /* GitPracticeTests.swift in Sources */,
			);
			runOnlyForDeploymentPostprocessing = 0;
		};
		9ABF851E1E706EE800719645 /* Sources */ = {
			isa = PBXSourcesBuildPhase;
			buildActionMask = 2147483647;
			files = (
				9ABF85271E706EE800719645 /* GitPracticeUITests.swift in Sources */,
			);
			runOnlyForDeploymentPostprocessing = 0;
		};
/* End PBXSourcesBuildPhase section */

/* Begin PBXTargetDependency section */
		9ABF85191E706EE800719645 /* PBXTargetDependency */ = {
			isa = PBXTargetDependency;
			target = 9ABF85021E706EE800719645 /* GitPractice */;
			targetProxy = 9ABF85181E706EE800719645 /* PBXContainerItemProxy */;
		};
		9ABF85241E706EE800719645 /* PBXTargetDependency */ = {
			isa = PBXTargetDependency;
			target = 9ABF85021E706EE800719645 /* GitPractice */;
			targetProxy = 9ABF85231E706EE800719645 /* PBXContainerItemProxy */;
		};
/* End PBXTargetDependency section */

/* Begin PBXVariantGroup section */
		9ABF850A1E706EE800719645 /* Main.storyboard */ = {
			isa = PBXVariantGroup;
			children = (
				9ABF850B1E706EE800719645 /* Base */,
			);
			name = Main.storyboard;
			sourceTree = "<group>";
		};
		9ABF850F1E706EE800719645 /* LaunchScreen.storyboard */ = {
			isa = PBXVariantGroup;
			children = (
				9ABF85101E706EE800719645 /* Base */,
			);
			name = LaunchScreen.storyboard;
			sourceTree = "<group>";
		};
/* End PBXVariantGroup section */

/* Begin XCBuildConfiguration section */
		9ABF85291E706EE800719645 /* Debug */ = {
			isa = XCBuildConfiguration;
			buildSettings = {
				ALWAYS_SEARCH_USER_PATHS = NO;
				CLANG_ANALYZER_NONNULL = YES;
				CLANG_CXX_LANGUAGE_STANDARD = "gnu++0x";
				CLANG_CXX_LIBRARY = "libc++";
				CLANG_ENABLE_MODULES = YES;
				CLANG_ENABLE_OBJC_ARC = YES;
				CLANG_WARN_BOOL_CONVERSION = YES;
				CLANG_WARN_CONSTANT_CONVERSION = YES;
				CLANG_WARN_DIRECT_OBJC_ISA_USAGE = YES_ERROR;
				CLANG_WARN_DOCUMENTATION_COMMENTS = YES;
				CLANG_WARN_EMPTY_BODY = YES;
				CLANG_WARN_ENUM_CONVERSION = YES;
				CLANG_WARN_INFINITE_RECURSION = YES;
				CLANG_WARN_INT_CONVERSION = YES;
				CLANG_WARN_OBJC_ROOT_CLASS = YES_ERROR;
				CLANG_WARN_SUSPICIOUS_MOVE = YES;
				CLANG_WARN_UNREACHABLE_CODE = YES;
				CLANG_WARN__DUPLICATE_METHOD_MATCH = YES;
				"CODE_SIGN_IDENTITY[sdk=iphoneos*]" = "iPhone Developer";
				COPY_PHASE_STRIP = NO;
				DEBUG_INFORMATION_FORMAT = dwarf;
				ENABLE_STRICT_OBJC_MSGSEND = YES;
				ENABLE_TESTABILITY = YES;
				GCC_C_LANGUAGE_STANDARD = gnu99;
				GCC_DYNAMIC_NO_PIC = NO;
				GCC_NO_COMMON_BLOCKS = YES;
				GCC_OPTIMIZATION_LEVEL = 0;
				GCC_PREPROCESSOR_DEFINITIONS = (
					"DEBUG=1",
					"$(inherited)",
				);
				GCC_WARN_64_TO_32_BIT_CONVERSION = YES;
				GCC_WARN_ABOUT_RETURN_TYPE = YES_ERROR;
				GCC_WARN_UNDECLARED_SELECTOR = YES;
				GCC_WARN_UNINITIALIZED_AUTOS = YES_AGGRESSIVE;
				GCC_WARN_UNUSED_FUNCTION = YES;
				GCC_WARN_UNUSED_VARIABLE = YES;
				IPHONEOS_DEPLOYMENT_TARGET = 10.2;
				MTL_ENABLE_DEBUG_INFO = YES;
				ONLY_ACTIVE_ARCH = YES;
				SDKROOT = iphoneos;
				SWIFT_ACTIVE_COMPILATION_CONDITIONS = DEBUG;
				SWIFT_OPTIMIZATION_LEVEL = "-Onone";
				TARGETED_DEVICE_FAMILY = "1,2";
			};
			name = Debug;
		};
		9ABF852A1E706EE800719645 /* Release */ = {
			isa = XCBuildConfiguration;
			buildSettings = {
				ALWAYS_SEARCH_USER_PATHS = NO;
				CLANG_ANALYZER_NONNULL = YES;
				CLANG_CXX_LANGUAGE_STANDARD = "gnu++0x";
				CLANG_CXX_LIBRARY = "libc++";
				CLANG_ENABLE_MODULES = YES;
				CLANG_ENABLE_OBJC_ARC = YES;
				CLANG_WARN_BOOL_CONVERSION = YES;
				CLANG_WARN_CONSTANT_CONVERSION = YES;
				CLANG_WARN_DIRECT_OBJC_ISA_USAGE = YES_ERROR;
				CLANG_WARN_DOCUMENTATION_COMMENTS = YES;
				CLANG_WARN_EMPTY_BODY = YES;
				CLANG_WARN_ENUM_CONVERSION = YES;
				CLANG_WARN_INFINITE_RECURSION = YES;
				CLANG_WARN_INT_CONVERSION = YES;
				CLANG_WARN_OBJC_ROOT_CLASS = YES_ERROR;
				CLANG_WARN_SUSPICIOUS_MOVE = YES;
				CLANG_WARN_UNREACHABLE_CODE = YES;
				CLANG_WARN__DUPLICATE_METHOD_MATCH = YES;
				"CODE_SIGN_IDENTITY[sdk=iphoneos*]" = "iPhone Developer";
				COPY_PHASE_STRIP = NO;
				DEBUG_INFORMATION_FORMAT = "dwarf-with-dsym";
				ENABLE_NS_ASSERTIONS = NO;
				ENABLE_STRICT_OBJC_MSGSEND = YES;
				GCC_C_LANGUAGE_STANDARD = gnu99;
				GCC_NO_COMMON_BLOCKS = YES;
				GCC_WARN_64_TO_32_BIT_CONVERSION = YES;
				GCC_WARN_ABOUT_RETURN_TYPE = YES_ERROR;
				GCC_WARN_UNDECLARED_SELECTOR = YES;
				GCC_WARN_UNINITIALIZED_AUTOS = YES_AGGRESSIVE;
				GCC_WARN_UNUSED_FUNCTION = YES;
				GCC_WARN_UNUSED_VARIABLE = YES;
				IPHONEOS_DEPLOYMENT_TARGET = 10.2;
				MTL_ENABLE_DEBUG_INFO = NO;
				SDKROOT = iphoneos;
				SWIFT_OPTIMIZATION_LEVEL = "-Owholemodule";
				TARGETED_DEVICE_FAMILY = "1,2";
				VALIDATE_PRODUCT = YES;
			};
			name = Release;
		};
		9ABF852C1E706EE800719645 /* Debug */ = {
			isa = XCBuildConfiguration;
			buildSettings = {
				ASSETCATALOG_COMPILER_APPICON_NAME = AppIcon;
				DEVELOPMENT_TEAM = 7AF2P6S86E;
				INFOPLIST_FILE = GitPractice/Info.plist;
				LD_RUNPATH_SEARCH_PATHS = "$(inherited) @executable_path/Frameworks";
				PRODUCT_BUNDLE_IDENTIFIER = "Northwest-Tech.GitPractice";
				PRODUCT_NAME = "$(TARGET_NAME)";
				SWIFT_VERSION = 3.0;
			};
			name = Debug;
		};
		9ABF852D1E706EE800719645 /* Release */ = {
			isa = XCBuildConfiguration;
			buildSettings = {
				ASSETCATALOG_COMPILER_APPICON_NAME = AppIcon;
				DEVELOPMENT_TEAM = 7AF2P6S86E;
				INFOPLIST_FILE = GitPractice/Info.plist;
				LD_RUNPATH_SEARCH_PATHS = "$(inherited) @executable_path/Frameworks";
				PRODUCT_BUNDLE_IDENTIFIER = "Northwest-Tech.GitPractice";
				PRODUCT_NAME = "$(TARGET_NAME)";
				SWIFT_VERSION = 3.0;
			};
			name = Release;
		};
		9ABF852F1E706EE800719645 /* Debug */ = {
			isa = XCBuildConfiguration;
			buildSettings = {
				ALWAYS_EMBED_SWIFT_STANDARD_LIBRARIES = YES;
				BUNDLE_LOADER = "$(TEST_HOST)";
				DEVELOPMENT_TEAM = 7AF2P6S86E;
				INFOPLIST_FILE = GitPracticeTests/Info.plist;
				LD_RUNPATH_SEARCH_PATHS = "$(inherited) @executable_path/Frameworks @loader_path/Frameworks";
				PRODUCT_BUNDLE_IDENTIFIER = "Northwest-Tech.GitPracticeTests";
				PRODUCT_NAME = "$(TARGET_NAME)";
				SWIFT_VERSION = 3.0;
				TEST_HOST = "$(BUILT_PRODUCTS_DIR)/GitPractice.app/GitPractice";
			};
			name = Debug;
		};
		9ABF85301E706EE800719645 /* Release */ = {
			isa = XCBuildConfiguration;
			buildSettings = {
				ALWAYS_EMBED_SWIFT_STANDARD_LIBRARIES = YES;
				BUNDLE_LOADER = "$(TEST_HOST)";
				DEVELOPMENT_TEAM = 7AF2P6S86E;
				INFOPLIST_FILE = GitPracticeTests/Info.plist;
				LD_RUNPATH_SEARCH_PATHS = "$(inherited) @executable_path/Frameworks @loader_path/Frameworks";
				PRODUCT_BUNDLE_IDENTIFIER = "Northwest-Tech.GitPracticeTests";
				PRODUCT_NAME = "$(TARGET_NAME)";
				SWIFT_VERSION = 3.0;
				TEST_HOST = "$(BUILT_PRODUCTS_DIR)/GitPractice.app/GitPractice";
			};
			name = Release;
		};
		9ABF85321E706EE800719645 /* Debug */ = {
			isa = XCBuildConfiguration;
			buildSettings = {
				ALWAYS_EMBED_SWIFT_STANDARD_LIBRARIES = YES;
				DEVELOPMENT_TEAM = 7AF2P6S86E;
				INFOPLIST_FILE = GitPracticeUITests/Info.plist;
				LD_RUNPATH_SEARCH_PATHS = "$(inherited) @executable_path/Frameworks @loader_path/Frameworks";
				PRODUCT_BUNDLE_IDENTIFIER = "Northwest-Tech.GitPracticeUITests";
				PRODUCT_NAME = "$(TARGET_NAME)";
				SWIFT_VERSION = 3.0;
				TEST_TARGET_NAME = GitPractice;
			};
			name = Debug;
		};
		9ABF85331E706EE800719645 /* Release */ = {
			isa = XCBuildConfiguration;
			buildSettings = {
				ALWAYS_EMBED_SWIFT_STANDARD_LIBRARIES = YES;
				DEVELOPMENT_TEAM = 7AF2P6S86E;
				INFOPLIST_FILE = GitPracticeUITests/Info.plist;
				LD_RUNPATH_SEARCH_PATHS = "$(inherited) @executable_path/Frameworks @loader_path/Frameworks";
				PRODUCT_BUNDLE_IDENTIFIER = "Northwest-Tech.GitPracticeUITests";
				PRODUCT_NAME = "$(TARGET_NAME)";
				SWIFT_VERSION = 3.0;
				TEST_TARGET_NAME = GitPractice;
			};
			name = Release;
		};
/* End XCBuildConfiguration section */

/* Begin XCConfigurationList section */
		9ABF84FE1E706EE800719645 /* Build configuration list for PBXProject "GitPractice" */ = {
			isa = XCConfigurationList;
			buildConfigurations = (
				9ABF85291E706EE800719645 /* Debug */,
				9ABF852A1E706EE800719645 /* Release */,
			);
			defaultConfigurationIsVisible = 0;
			defaultConfigurationName = Release;
		};
		9ABF852B1E706EE800719645 /* Build configuration list for PBXNativeTarget "GitPractice" */ = {
			isa = XCConfigurationList;
			buildConfigurations = (
				9ABF852C1E706EE800719645 /* Debug */,
				9ABF852D1E706EE800719645 /* Release */,
			);
			defaultConfigurationIsVisible = 0;
			defaultConfigurationName = Release;
		};
		9ABF852E1E706EE800719645 /* Build configuration list for PBXNativeTarget "GitPracticeTests" */ = {
			isa = XCConfigurationList;
			buildConfigurations = (
				9ABF852F1E706EE800719645 /* Debug */,
				9ABF85301E706EE800719645 /* Release */,
			);
			defaultConfigurationIsVisible = 0;
			defaultConfigurationName = Release;
		};
		9ABF85311E706EE800719645 /* Build configuration list for PBXNativeTarget "GitPracticeUITests" */ = {
			isa = XCConfigurationList;
			buildConfigurations = (
				9ABF85321E706EE800719645 /* Debug */,
				9ABF85331E706EE800719645 /* Release */,
			);
			defaultConfigurationIsVisible = 0;
			defaultConfigurationName = Release;
		};
/* End XCConfigurationList section */
	};
	rootObject = 9ABF84FB1E706EE800719645 /* Project object */;
}
